
Microsoft Visual Studio Solution File, Format Version 12.00
# Visual Studio Version 17
VisualStudioVersion = 17.6.33815.320
MinimumVisualStudioVersion = 10.0.40219.1
Project("{FAE04EC0-301F-11D3-BF4B-00C04F79EFBC}") = "LAMovies_BE", "LAMovies_BE\LAMovies_BE.csproj", "{F4429DEB-C806-4FE4-A90C-B254EE26CB33}"
EndProject
Project("{FAE04EC0-301F-11D3-BF4B-00C04F79EFBC}") = "Libs", "Libs\Libs.csproj", "{FD767AE7-F12C-4D26-985E-C10CECE571F4}"
EndProject
Global
	GlobalSection(SolutionConfigurationPlatforms) = preSolution
		Debug|Any CPU = Debug|Any CPU
		Release|Any CPU = Release|Any CPU
	EndGlobalSection
	GlobalSection(ProjectConfigurationPlatforms) = postSolution
		{F4429DEB-C806-4FE4-A90C-B254EE26CB33}.Debug|Any CPU.ActiveCfg = Debug|Any CPU
		{F4429DEB-C806-4FE4-A90C-B254EE26CB33}.Debug|Any CPU.Build.0 = Debug|Any CPU
		{F4429DEB-C806-4FE4-A90C-B254EE26CB33}.Release|Any CPU.ActiveCfg = Release|Any CPU
		{F4429DEB-C806-4FE4-A90C-B254EE26CB33}.Release|Any CPU.Build.0 = Release|Any CPU
		{FD767AE7-F12C-4D26-985E-C10CECE571F4}.Debug|Any CPU.ActiveCfg = Debug|Any CPU
		{FD767AE7-F12C-4D26-985E-C10CECE571F4}.Debug|Any CPU.Build.0 = Debug|Any CPU
		{FD767AE7-F12C-4D26-985E-C10CECE571F4}.Release|Any CPU.ActiveCfg = Release|Any CPU
		{FD767AE7-F12C-4D26-985E-C10CECE571F4}.Release|Any CPU.Build.0 = Release|Any CPU
	EndGlobalSection
	GlobalSection(SolutionProperties) = preSolution
		HideSolutionNode = FALSE
	EndGlobalSection
	GlobalSection(ExtensibilityGlobals) = postSolution
		SolutionGuid = {8B694743-A7E5-4112-8D46-D14F84A31E2E}
	EndGlobalSection
EndGlobal
